
Microsoft Visual Studio Solution File, Format Version 12.00
# Visual Studio 15
VisualStudioVersion = 15.0.28307.1062
MinimumVisualStudioVersion = 10.0.40219.1
Project("{8BC9CEB8-8B4A-11D0-8D11-00A0C91BC942}") = "Sandbox", "Sandbox\Sandbox.vcxproj", "{6FD41D6E-0EC9-4C6A-BF67-C9C0F74E70C3}"
EndProject
Project("{8BC9CEB8-8B4A-11D0-8D11-00A0C91BC942}") = "GanymedEngine", "GanymedEngine\GanymedEngine.vcxproj", "{A6FCC397-6DF4-42AC-86DF-6F20F44AF6AE}"
EndProject
Global
	GlobalSection(SolutionConfigurationPlatforms) = preSolution
		Debug|x64 = Debug|x64
		Release|x64 = Release|x64
	EndGlobalSection
	GlobalSection(ProjectConfigurationPlatforms) = postSolution
		{A6FCC397-6DF4-42AC-86DF-6F20F44AF6AE}.Debug|x64.ActiveCfg = Debug|x64
		{A6FCC397-6DF4-42AC-86DF-6F20F44AF6AE}.Debug|x64.Build.0 = Debug|x64
		{A6FCC397-6DF4-42AC-86DF-6F20F44AF6AE}.Release|x64.ActiveCfg = Release|x64
		{A6FCC397-6DF4-42AC-86DF-6F20F44AF6AE}.Release|x64.Build.0 = Release|x64
		{6FD41D6E-0EC9-4C6A-BF67-C9C0F74E70C3}.Debug|x64.ActiveCfg = Debug|x64
		{6FD41D6E-0EC9-4C6A-BF67-C9C0F74E70C3}.Debug|x64.Build.0 = Debug|x64
		{6FD41D6E-0EC9-4C6A-BF67-C9C0F74E70C3}.Release|x64.ActiveCfg = Release|x64
		{6FD41D6E-0EC9-4C6A-BF67-C9C0F74E70C3}.Release|x64.Build.0 = Release|x64
	EndGlobalSection
	GlobalSection(SolutionProperties) = preSolution
		HideSolutionNode = FALSE
	EndGlobalSection
	GlobalSection(ExtensibilityGlobals) = postSolution
		SolutionGuid = {7287BD67-A062-43D3-B0A9-BC07F2A87397}
	EndGlobalSection
EndGlobal
